{
  "version": 4,
  "terraform_version": "1.0.9",
  "serial": 13,
  "lineage": "bb8b2368-9e27-ef0d-9426-09f3c1282681",
  "outputs": {},
  "resources": [
    {
      "mode": "managed",
      "type": "vault_auth_backend",
      "name": "userpass",
      "provider": "provider[\"registry.terraform.io/hashicorp/vault\"]",
      "instances": [
        {
          "schema_version": 1,
          "attributes": {
            "accessor": "auth_userpass_0dda01fa",
            "default_lease_ttl_seconds": 0,
            "description": "",
            "id": "userpass",
            "listing_visibility": "",
            "local": false,
            "max_lease_ttl_seconds": 0,
            "path": "userpass",
            "tune": [],
            "type": "userpass"
          },
          "sensitive_attributes": [],
          "private": "eyJzY2hlbWFfdmVyc2lvbiI6IjEifQ=="
        }
      ]
    },
    {
      "mode": "managed",
      "type": "vault_generic_endpoint",
      "name": "student",
      "provider": "provider[\"registry.terraform.io/hashicorp/vault\"]",
      "instances": [
        {
          "schema_version": 1,
          "attributes": {
            "data_json": "{\"password\":\"changeme\",\"policies\":[\"admins\",\"eaas-client\"]}",
            "disable_delete": false,
            "disable_read": false,
            "id": "auth/userpass/users/student",
            "ignore_absent_fields": true,
            "path": "auth/userpass/users/student",
            "write_data": {},
            "write_data_json": "null",
            "write_fields": null
          },
          "sensitive_attributes": [],
          "private": "eyJzY2hlbWFfdmVyc2lvbiI6IjEifQ==",
          "dependencies": [
            "vault_auth_backend.userpass"
          ]
        }
      ]
    },
    {
      "mode": "managed",
      "type": "vault_mount",
      "name": "kv-v2",
      "provider": "provider[\"registry.terraform.io/hashicorp/vault\"]",
      "instances": [
        {
          "schema_version": 0,
          "attributes": {
            "accessor": "kv_bb53b70a",
            "default_lease_ttl_seconds": 0,
            "description": "",
            "external_entropy_access": false,
            "id": "kv-v2",
            "local": false,
            "max_lease_ttl_seconds": 0,
            "options": {},
            "path": "kv-v2",
            "seal_wrap": false,
            "type": "kv-v2"
          },
          "sensitive_attributes": [],
          "private": "bnVsbA=="
        }
      ]
    },
    {
      "mode": "managed",
      "type": "vault_mount",
      "name": "transit",
      "provider": "provider[\"registry.terraform.io/hashicorp/vault\"]",
      "instances": [
        {
          "schema_version": 0,
          "attributes": {
            "accessor": "transit_63a9b5a9",
            "default_lease_ttl_seconds": 0,
            "description": "",
            "external_entropy_access": false,
            "id": "transit",
            "local": false,
            "max_lease_ttl_seconds": 0,
            "options": {},
            "path": "transit",
            "seal_wrap": false,
            "type": "transit"
          },
          "sensitive_attributes": [],
          "private": "bnVsbA=="
        }
      ]
    },
    {
      "mode": "managed",
      "type": "vault_transit_secret_backend_key",
      "name": "key",
      "provider": "provider[\"registry.terraform.io/hashicorp/vault\"]",
      "instances": [
        {
          "schema_version": 0,
          "attributes": {
            "allow_plaintext_backup": false,
            "backend": "transit",
            "convergent_encryption": false,
            "deletion_allowed": true,
            "derived": false,
            "exportable": false,
            "id": "transit/keys/payment",
            "keys": [
              {
                "id": "1634261477"
              }
            ],
            "latest_version": 1,
            "min_available_version": 0,
            "min_decryption_version": 1,
            "min_encryption_version": 0,
            "name": "payment",
            "supports_decryption": true,
            "supports_derivation": true,
            "supports_encryption": true,
            "supports_signing": false,
            "type": "aes256-gcm96"
          },
          "sensitive_attributes": [],
          "private": "bnVsbA==",
          "dependencies": [
            "vault_mount.transit"
          ]
        }
      ]
    }
  ]
}
